
Microsoft Visual Studio Solution File, Format Version 12.00
# Visual Studio Version 16
VisualStudioVersion = 16.0.29509.3
MinimumVisualStudioVersion = 10.0.40219.1
Project("{FAE04EC0-301F-11D3-BF4B-00C04F79EFBC}") = "sample_devops_c", "sample_devops_c.csproj", "{29A83A34-011A-497F-9287-0B317C7D5980}"
EndProject
Global
	GlobalSection(SolutionConfigurationPlatforms) = preSolution
		Debug|Any CPU = Debug|Any CPU
		Release|Any CPU = Release|Any CPU
	EndGlobalSection
	GlobalSection(ProjectConfigurationPlatforms) = postSolution
		{29A83A34-011A-497F-9287-0B317C7D5980}.Debug|Any CPU.ActiveCfg = Debug|Any CPU
		{29A83A34-011A-497F-9287-0B317C7D5980}.Debug|Any CPU.Build.0 = Debug|Any CPU
		{29A83A34-011A-497F-9287-0B317C7D5980}.Release|Any CPU.ActiveCfg = Release|Any CPU
		{29A83A34-011A-497F-9287-0B317C7D5980}.Release|Any CPU.Build.0 = Release|Any CPU
	EndGlobalSection
	GlobalSection(SolutionProperties) = preSolution
		HideSolutionNode = FALSE
	EndGlobalSection
	GlobalSection(ExtensibilityGlobals) = postSolution
		SolutionGuid = {7A7D3835-071D-4A2F-93E6-E3A32CDBB650}
	EndGlobalSection
EndGlobal
